# THIS IS AN AUTOGENERATED FILE. DO NOT EDIT THIS FILE DIRECTLY.
# yarn lockfile v1


"@babel/generator@^7.22.5":
  version "7.22.5"
  resolved "https://registry.yarnpkg.com/@babel/generator/-/generator-7.22.5.tgz#1e7bf768688acfb05cf30b2369ef855e82d984f7"
  integrity sha512-+lcUbnTRhd0jOewtFSedLyiPsD5tswKkbgcezOqqWFUVNEwoUTlpPOBmvhG7OXWLR4jMdv0czPGH5XbflnD1EA==
  dependencies:
    "@babel/types" "^7.22.5"
    "@jridgewell/gen-mapping" "^0.3.2"
    "@jridgewell/trace-mapping" "^0.3.17"
    jsesc "^2.5.1"

"@babel/helper-string-parser@^7.22.5":
  version "7.22.5"
  resolved "https://registry.yarnpkg.com/@babel/helper-string-parser/-/helper-string-parser-7.22.5.tgz#533f36457a25814cf1df6488523ad547d784a99f"
  integrity sha512-mM4COjgZox8U+JcXQwPijIZLElkgEpO5rsERVDJTc2qfCDfERyob6k5WegS14SX18IIjv+XD+GrqNumY5JRCDw==

"@babel/helper-validator-identifier@^7.22.5":
  version "7.22.5"
  resolved "https://registry.yarnpkg.com/@babel/helper-validator-identifier/-/helper-validator-identifier-7.22.5.tgz#9544ef6a33999343c8740fa51350f30eeaaaf193"
  integrity sha512-aJXu+6lErq8ltp+JhkJUfk1MTGyuA4v7f3pA+BJ5HLfNC6nAQ0Cpi9uOquUj8Hehg0aUiHzWQbOVJGao6ztBAQ==

"@babel/parser@^7.22.5":
  version "7.22.5"
  resolved "https://registry.yarnpkg.com/@babel/parser/-/parser-7.22.5.tgz#721fd042f3ce1896238cf1b341c77eb7dee7dbea"
  integrity sha512-DFZMC9LJUG9PLOclRC32G63UXwzqS2koQC8dkx+PLdmt1xSePYpbT/NbsrJy8Q/muXz7o/h/d4A7Fuyixm559Q==

"@babel/types@^7.22.5":
  version "7.22.5"
  resolved "https://registry.yarnpkg.com/@babel/types/-/types-7.22.5.tgz#cd93eeaab025880a3a47ec881f4b096a5b786fbe"
  integrity sha512-zo3MIHGOkPOfoRXitsgHLjEXmlDaD/5KU1Uzuc9GNiZPhSqVxVRtxuPaSBZDsYZ9qV88AjtMtWW7ww98loJ9KA==
  dependencies:
    "@babel/helper-string-parser" "^7.22.5"
    "@babel/helper-validator-identifier" "^7.22.5"
    to-fast-properties "^2.0.0"

"@jridgewell/gen-mapping@^0.3.2":
  version "0.3.3"
  resolved "https://registry.yarnpkg.com/@jridgewell/gen-mapping/-/gen-mapping-0.3.3.tgz#7e02e6eb5df901aaedb08514203b096614024098"
  integrity sha512-HLhSWOLRi875zjjMG/r+Nv0oCW8umGb0BgEhyX3dDX3egwZtB8PqLnjz3yedt8R5StBrzcg4aBpnh8UA9D1BoQ==
  dependencies:
    "@jridgewell/set-array" "^1.0.1"
    "@jridgewell/sourcemap-codec" "^1.4.10"
    "@jridgewell/trace-mapping" "^0.3.9"

"@jridgewell/resolve-uri@3.1.0":
  version "3.1.0"
  resolved "https://registry.yarnpkg.com/@jridgewell/resolve-uri/-/resolve-uri-3.1.0.tgz#2203b118c157721addfe69d47b70465463066d78"
  integrity sha512-F2msla3tad+Mfht5cJq7LSXcdudKTWCVYUgw6pLFOOHSTtZlj6SWNYAp+AhuqLmWdBO2X5hPrLcu8cVP8fy28w==

"@jridgewell/set-array@^1.0.1":
  version "1.1.2"
  resolved "https://registry.yarnpkg.com/@jridgewell/set-array/-/set-array-1.1.2.tgz#7c6cf998d6d20b914c0a55a91ae928ff25965e72"
  integrity sha512-xnkseuNADM0gt2bs+BvhO0p78Mk762YnZdsuzFV018NoG1Sj1SCQvpSqa7XUaTam5vAGasABV9qXASMKnFMwMw==

"@jridgewell/sourcemap-codec@1.4.14":
  version "1.4.14"
  resolved "https://registry.yarnpkg.com/@jridgewell/sourcemap-codec/-/sourcemap-codec-1.4.14.tgz#add4c98d341472a289190b424efbdb096991bb24"
  integrity sha512-XPSJHWmi394fuUuzDnGz1wiKqWfo1yXecHQMRf2l6hztTO+nPru658AyDngaBe7isIxEkRsPR3FZh+s7iVa4Uw==

"@jridgewell/sourcemap-codec@^1.4.10":
  version "1.4.15"
  resolved "https://registry.yarnpkg.com/@jridgewell/sourcemap-codec/-/sourcemap-codec-1.4.15.tgz#d7c6e6755c78567a951e04ab52ef0fd26de59f32"
  integrity sha512-eF2rxCRulEKXHTRiDrDy6erMYWqNw4LPdQ8UQA4huuxaQsVeRPFl2oM8oDGxMFhJUWZf9McpLtJasDDZb/Bpeg==

"@jridgewell/trace-mapping@^0.3.17", "@jridgewell/trace-mapping@^0.3.9":
  version "0.3.18"
  resolved "https://registry.yarnpkg.com/@jridgewell/trace-mapping/-/trace-mapping-0.3.18.tgz#25783b2086daf6ff1dcb53c9249ae480e4dd4cd6"
  integrity sha512-w+niJYzMHdd7USdiH2U6869nqhD2nbfZXND5Yp93qIbEmnDNk7PD48o+YchRVpzMU7M6jVCbenTR7PA1FLQ9pA==
  dependencies:
    "@jridgewell/resolve-uri" "3.1.0"
    "@jridgewell/sourcemap-codec" "1.4.14"

"@minify-html/node@^0.11.1":
  version "0.11.1"
  resolved "https://registry.yarnpkg.com/@minify-html/node/-/node-0.11.1.tgz#88c55d00814c525a33244c945dffa32c29cdc3eb"
  integrity sha512-f+3VvBszFaY5xx8e7POka1K1FnVZur8Apk18uaI4lSyZrzmpLlkSBZfXOPHVhChFc0TDI+RQuBD+ws4qIt9+mg==
  dependencies:
    cargo-cp-artifact "^0.1"

atob@^2.1.2:
  version "2.1.2"
  resolved "https://registry.yarnpkg.com/atob/-/atob-2.1.2.tgz#6d9517eb9e030d2436666651e86bd9f6f13533c9"
  integrity sha512-Wm6ukoaOGJi/73p/cl2GvLjTI5JM1k/O14isD73YML8StrH/7/lRFgmg8nICZgD3bZZvjwCGxtMOD3wWNAu8cg==

boolbase@^1.0.0:
  version "1.0.0"
  resolved "https://registry.yarnpkg.com/boolbase/-/boolbase-1.0.0.tgz#68dff5fbe60c51eb37725ea9e3ed310dcc1e776e"
  integrity sha512-JZOSA7Mo9sNGB8+UjSgzdLtokWAky1zbztM3WRLCbZ70/3cTANmQmOdR7y2g+J0e2WXywy1yS468tY+IruqEww==

cargo-cp-artifact@^0.1:
  version "0.1.8"
  resolved "https://registry.yarnpkg.com/cargo-cp-artifact/-/cargo-cp-artifact-0.1.8.tgz#353814f49f6aa76601a4bcb3ea5f3071180b90de"
  integrity sha512-3j4DaoTrsCD1MRkTF2Soacii0Nx7UHCce0EwUf4fHnggwiE4fbmF2AbnfzayR36DF8KGadfh7M/Yfy625kgPlA==

css-select@^5.1.0:
  version "5.1.0"
  resolved "https://registry.yarnpkg.com/css-select/-/css-select-5.1.0.tgz#b8ebd6554c3637ccc76688804ad3f6a6fdaea8a6"
  integrity sha512-nwoRF1rvRRnnCqqY7updORDsuqKzqYJ28+oSMaJMMgOauh3fvwHqMS7EZpIPqK8GL+g9mKxF1vP/ZjSeNjEVHg==
  dependencies:
    boolbase "^1.0.0"
    css-what "^6.1.0"
    domhandler "^5.0.2"
    domutils "^3.0.1"
    nth-check "^2.0.1"

css-what@^6.1.0:
  version "6.1.0"
  resolved "https://registry.yarnpkg.com/css-what/-/css-what-6.1.0.tgz#fb5effcf76f1ddea2c81bdfaa4de44e79bac70f4"
  integrity sha512-HTUrgRJ7r4dsZKU6GjmpfRK1O76h97Z8MfS1G0FozR+oF2kG6Vfe8JE6zwrkbxigziPHinCJ+gCPjA9EaBDtRw==

css@^3.0.0:
  version "3.0.0"
  resolved "https://registry.yarnpkg.com/css/-/css-3.0.0.tgz#4447a4d58fdd03367c516ca9f64ae365cee4aa5d"
  integrity sha512-DG9pFfwOrzc+hawpmqX/dHYHJG+Bsdb0klhyi1sDneOgGOXy9wQIC8hzyVp1e4NRYDBdxcylvywPkkXCHAzTyQ==
  dependencies:
    inherits "^2.0.4"
    source-map "^0.6.1"
    source-map-resolve "^0.6.0"

decode-uri-component@^0.2.0:
  version "0.2.2"
  resolved "https://registry.yarnpkg.com/decode-uri-component/-/decode-uri-component-0.2.2.tgz#e69dbe25d37941171dd540e024c444cd5188e1e9"
  integrity sha512-FqUYQ+8o158GyGTrMFJms9qh3CqTKvAqgqsTnkLI8sKu0028orqBhxNMFkFen0zGyg6epACD32pjVk58ngIErQ==

dom-serializer@^2.0.0:
  version "2.0.0"
  resolved "https://registry.yarnpkg.com/dom-serializer/-/dom-serializer-2.0.0.tgz#e41b802e1eedf9f6cae183ce5e622d789d7d8e53"
  integrity sha512-wIkAryiqt/nV5EQKqQpo3SToSOV9J0DnbJqwK7Wv/Trc92zIAYZ4FlMu+JPFW1DfGFt81ZTCGgDEabffXeLyJg==
  dependencies:
    domelementtype "^2.3.0"
    domhandler "^5.0.2"
    entities "^4.2.0"

domelementtype@^2.3.0:
  version "2.3.0"
  resolved "https://registry.yarnpkg.com/domelementtype/-/domelementtype-2.3.0.tgz#5c45e8e869952626331d7aab326d01daf65d589d"
  integrity sha512-OLETBj6w0OsagBwdXnPdN0cnMfF9opN69co+7ZrbfPGrdpPVNBUj02spi6B1N7wChLQiPn4CSH/zJvXw56gmHw==

domhandler@^5.0.2, domhandler@^5.0.3:
  version "5.0.3"
  resolved "https://registry.yarnpkg.com/domhandler/-/domhandler-5.0.3.tgz#cc385f7f751f1d1fc650c21374804254538c7d31"
  integrity sha512-cgwlv/1iFQiFnU96XXgROh8xTeetsnJiDsTc7TYCLFd9+/WNkIqPTxiM/8pSd8VIrhXGTf1Ny1q1hquVqDJB5w==
  dependencies:
    domelementtype "^2.3.0"

domutils@^3.0.1:
  version "3.1.0"
  resolved "https://registry.yarnpkg.com/domutils/-/domutils-3.1.0.tgz#c47f551278d3dc4b0b1ab8cbb42d751a6f0d824e"
  integrity sha512-H78uMmQtI2AhgDJjWeQmHwJJ2bLPD3GMmO7Zja/ZZh84wkm+4ut+IUnUdRa8uCGX88DiVx1j6FRe1XfxEgjEZA==
  dependencies:
    dom-serializer "^2.0.0"
    domelementtype "^2.3.0"
    domhandler "^5.0.3"

entities@^4.2.0:
  version "4.5.0"
  resolved "https://registry.yarnpkg.com/entities/-/entities-4.5.0.tgz#5d268ea5e7113ec74c4d033b79ea5a35a488fb48"
  integrity sha512-V0hjH4dGPh9Ao5p0MoRY6BVqtwCjhz6vI5LT8AJ55H+4g9/4vbHx1I54fS0XuclLhDHArPQCiMjDxjaL8fPxhw==

he@1.2.0:
  version "1.2.0"
  resolved "https://registry.yarnpkg.com/he/-/he-1.2.0.tgz#84ae65fa7eafb165fddb61566ae14baf05664f0f"
  integrity sha512-F/1DnUGPopORZi0ni+CvrCgHQ5FyEAHRLSApuYWMmrbSwoN2Mn/7k+Gl38gJnR7yyDZk6WLXwiGod1JOWNDKGw==

inherits@^2.0.4:
  version "2.0.4"
  resolved "https://registry.yarnpkg.com/inherits/-/inherits-2.0.4.tgz#0fa2c64f932917c3433a0ded55363aae37416b7c"
  integrity sha512-k/vGaX4/Yla3WzyMCvTQOXYeIHvqOKtnqBduzTHpzpQZzAskKMhZ2K+EnBiSM9zGSoIFeMpXKxa4dYeZIQqewQ==

jsesc@^2.5.1:
  version "2.5.2"
  resolved "https://registry.yarnpkg.com/jsesc/-/jsesc-2.5.2.tgz#80564d2e483dacf6e8ef209650a67df3f0c283a4"
  integrity sha512-OYu7XEzjkCQ3C5Ps3QIZsQfNpqoJyZZA99wd9aWd05NCtC5pWOkShK2mkL6HXQR6/Cy2lbNdPlZBpuQHXE63gA==

node-html-parser@^6.1.5:
  version "6.1.5"
  resolved "https://registry.yarnpkg.com/node-html-parser/-/node-html-parser-6.1.5.tgz#c819dceb13a10a7642ff92f94f870b4f77968097"
  integrity sha512-fAaM511feX++/Chnhe475a0NHD8M7AxDInsqQpz6x63GRF7xYNdS8Vo5dKsIVPgsOvG7eioRRTZQnWBrhDHBSg==
  dependencies:
    css-select "^5.1.0"
    he "1.2.0"

nth-check@^2.0.1:
  version "2.1.1"
  resolved "https://registry.yarnpkg.com/nth-check/-/nth-check-2.1.1.tgz#c9eab428effce36cd6b92c924bdb000ef1f1ed1d"
  integrity sha512-lqjrjmaOoAnWfMmBPL+XNnynZh2+swxiX3WUE0s4yEHI6m+AwrK2UZOimIRl3X/4QctVqS8AiZjFqyOGrMXb/w==
  dependencies:
    boolbase "^1.0.0"

source-map-resolve@^0.6.0:
  version "0.6.0"
  resolved "https://registry.yarnpkg.com/source-map-resolve/-/source-map-resolve-0.6.0.tgz#3d9df87e236b53f16d01e58150fc7711138e5ed2"
  integrity sha512-KXBr9d/fO/bWo97NXsPIAW1bFSBOuCnjbNTBMO7N59hsv5i9yzRDfcYwwt0l04+VqnKC+EwzvJZIP/qkuMgR/w==
  dependencies:
    atob "^2.1.2"
    decode-uri-component "^0.2.0"

source-map@^0.6.1:
  version "0.6.1"
  resolved "https://registry.yarnpkg.com/source-map/-/source-map-0.6.1.tgz#74722af32e9614e9c287a8d0bbde48b5e2f1a263"
  integrity sha512-UjgapumWlbMhkBgzT7Ykc5YXUT46F0iKu8SGXq0bcwP5dz/h0Plj6enJqjz1Zbq2l5WaqYnrVbwWOWMyF3F47g==

to-fast-properties@^2.0.0:
  version "2.0.0"
  resolved "https://registry.yarnpkg.com/to-fast-properties/-/to-fast-properties-2.0.0.tgz#dc5e698cbd079265bc73e0377681a4e4e83f616e"
  integrity sha512-/OaKK0xYrs3DmxRYqL/yDc+FxFUVYhDlXMhRmv3z915w2HF1tnN1omB354j8VUGO/hbRzyD6Y3sA7v7GS/ceog==
